
Microsoft Visual Studio Solution File, Format Version 12.00
# Visual Studio Version 16
VisualStudioVersion = 16.0.29409.12
MinimumVisualStudioVersion = 10.0.40219.1
Project("{FAE04EC0-301F-11D3-BF4B-00C04F79EFBC}") = "HRElectronicsShop", "HRElectronicsShop\HRElectronicsShop.csproj", "{0F96302C-E0DF-49BA-B366-03D7872BE366}"
EndProject
Global
	GlobalSection(SolutionConfigurationPlatforms) = preSolution
		Debug|Any CPU = Debug|Any CPU
		Release|Any CPU = Release|Any CPU
	EndGlobalSection
	GlobalSection(ProjectConfigurationPlatforms) = postSolution
		{0F96302C-E0DF-49BA-B366-03D7872BE366}.Debug|Any CPU.ActiveCfg = Debug|Any CPU
		{0F96302C-E0DF-49BA-B366-03D7872BE366}.Debug|Any CPU.Build.0 = Debug|Any CPU
		{0F96302C-E0DF-49BA-B366-03D7872BE366}.Release|Any CPU.ActiveCfg = Release|Any CPU
		{0F96302C-E0DF-49BA-B366-03D7872BE366}.Release|Any CPU.Build.0 = Release|Any CPU
	EndGlobalSection
	GlobalSection(SolutionProperties) = preSolution
		HideSolutionNode = FALSE
	EndGlobalSection
	GlobalSection(ExtensibilityGlobals) = postSolution
		SolutionGuid = {BE22BF21-B07A-4BF7-B39F-D5F372AF4291}
	EndGlobalSection
EndGlobal
